
Microsoft Visual Studio Solution File, Format Version 12.00
# Visual Studio 2012
Project("{FAE04EC0-301F-11D3-BF4B-00C04F79EFBC}") = "VirtualSpace.Windows", "VirtualSpace.Windows\VirtualSpace.Windows.csproj", "{08981EA6-7E92-4165-97BB-D31CB5042847}"
EndProject
Project("{FAE04EC0-301F-11D3-BF4B-00C04F79EFBC}") = "VirtualSpace.Core", "VirtualSpace.Core\VirtualSpace.Core.csproj", "{FFE24297-C6FE-43F5-A9CC-56807405364D}"
EndProject
Project("{2150E333-8FDC-42A3-9474-1A3956D46DE8}") = "Platform Specific", "Platform Specific", "{9553EB73-611C-4400-AA3C-78943CA5DC74}"
EndProject
Project("{FAE04EC0-301F-11D3-BF4B-00C04F79EFBC}") = "VirtualSpace.Platform.Windows", "VirtualSpace.Platform.Windows\VirtualSpace.Platform.Windows.csproj", "{2C7CAED3-9C1D-482E-822D-7062CCC5E67B}"
EndProject
Global
	GlobalSection(SolutionConfigurationPlatforms) = preSolution
		Debug|Any CPU = Debug|Any CPU
		Release|Any CPU = Release|Any CPU
	EndGlobalSection
	GlobalSection(ProjectConfigurationPlatforms) = postSolution
		{08981EA6-7E92-4165-97BB-D31CB5042847}.Debug|Any CPU.ActiveCfg = Debug|Any CPU
		{08981EA6-7E92-4165-97BB-D31CB5042847}.Debug|Any CPU.Build.0 = Debug|Any CPU
		{08981EA6-7E92-4165-97BB-D31CB5042847}.Release|Any CPU.ActiveCfg = Release|Any CPU
		{08981EA6-7E92-4165-97BB-D31CB5042847}.Release|Any CPU.Build.0 = Release|Any CPU
		{FFE24297-C6FE-43F5-A9CC-56807405364D}.Debug|Any CPU.ActiveCfg = Debug|Any CPU
		{FFE24297-C6FE-43F5-A9CC-56807405364D}.Debug|Any CPU.Build.0 = Debug|Any CPU
		{FFE24297-C6FE-43F5-A9CC-56807405364D}.Release|Any CPU.ActiveCfg = Release|Any CPU
		{FFE24297-C6FE-43F5-A9CC-56807405364D}.Release|Any CPU.Build.0 = Release|Any CPU
		{2C7CAED3-9C1D-482E-822D-7062CCC5E67B}.Debug|Any CPU.ActiveCfg = Debug|Any CPU
		{2C7CAED3-9C1D-482E-822D-7062CCC5E67B}.Debug|Any CPU.Build.0 = Debug|Any CPU
		{2C7CAED3-9C1D-482E-822D-7062CCC5E67B}.Release|Any CPU.ActiveCfg = Release|Any CPU
		{2C7CAED3-9C1D-482E-822D-7062CCC5E67B}.Release|Any CPU.Build.0 = Release|Any CPU
	EndGlobalSection
	GlobalSection(SolutionProperties) = preSolution
		HideSolutionNode = FALSE
	EndGlobalSection
	GlobalSection(NestedProjects) = preSolution
		{2C7CAED3-9C1D-482E-822D-7062CCC5E67B} = {9553EB73-611C-4400-AA3C-78943CA5DC74}
	EndGlobalSection
EndGlobal
